
Microsoft Visual Studio Solution File, Format Version 12.00
# Visual Studio 15
VisualStudioVersion = 15.0.28307.705
MinimumVisualStudioVersion = 10.0.40219.1
Project("{FAE04EC0-301F-11D3-BF4B-00C04F79EFBC}") = "CalcApp", "CalcApp\CalcApp.csproj", "{0948D715-BB99-4765-84E3-953617B49673}"
EndProject
Global
	GlobalSection(SolutionConfigurationPlatforms) = preSolution
		Debug|Any CPU = Debug|Any CPU
		Release|Any CPU = Release|Any CPU
	EndGlobalSection
	GlobalSection(ProjectConfigurationPlatforms) = postSolution
		{0948D715-BB99-4765-84E3-953617B49673}.Debug|Any CPU.ActiveCfg = Debug|Any CPU
		{0948D715-BB99-4765-84E3-953617B49673}.Debug|Any CPU.Build.0 = Debug|Any CPU
		{0948D715-BB99-4765-84E3-953617B49673}.Release|Any CPU.ActiveCfg = Release|Any CPU
		{0948D715-BB99-4765-84E3-953617B49673}.Release|Any CPU.Build.0 = Release|Any CPU
	EndGlobalSection
	GlobalSection(SolutionProperties) = preSolution
		HideSolutionNode = FALSE
	EndGlobalSection
	GlobalSection(ExtensibilityGlobals) = postSolution
		SolutionGuid = {3B561A00-117A-4681-8040-BEAD1309928D}
	EndGlobalSection
EndGlobal
